Microsoft Visual Studio Solution File, Format Version 12.00
# Visual Studio Version 17
VisualStudioVersion = 17.0.31903.59
MinimumVisualStudioVersion = 10.0.40219.1

Project("{2150E333-8FDC-42A3-9474-1A3956D46DE8}") = "src", "src", "{CA9AC87F-097A-4F98-8906-2C2E12B4BBCF}"
EndProject

Project("{2150E333-8FDC-42A3-9474-1A3956D46DE8}") = "test", "test", "{44DEB0CE-53E2-41D3-8B8C-F3B53E7E5AB3}"
EndProject

Project("{2150E333-8FDC-42A3-9474-1A3956D46DE8}") = "tools", "tools", "{7FD7A5D7-DA0A-4B84-AECD-8DAD04AC2E2D}"
EndProject

Project("{FAE04EC0-301F-11D3-BF4B-00C04F79EFBC}") = "AbpApp.Domain.Shared", "src\AbpApp.Domain.Shared\AbpApp.Domain.Shared.csproj", "{D0F8BA83-5E1A-4F9E-8B5E-AF79D76CF2F3}"
EndProject

Project("{FAE04EC0-301F-11D3-BF4B-00C04F79EFBC}") = "AbpApp.Domain", "src\AbpApp.Domain\AbpApp.Domain.csproj", "{8E7C2C49-31F5-4DCC-8B6F-1F33A9E36D8E}"
EndProject

Project("{FAE04EC0-301F-11D3-BF4B-00C04F79EFBC}") = "AbpApp.Application.Contracts", "src\AbpApp.Application.Contracts\AbpApp.Application.Contracts.csproj", "{5C8B3A8E-7BC3-4A4A-92D8-3E6F8C1A5B2D}"
EndProject

Project("{FAE04EC0-301F-11D3-BF4B-00C04F79EFBC}") = "AbpApp.Application", "src\AbpApp.Application\AbpApp.Application.csproj", "{9B8C5F4E-12A3-4D5E-8F6C-1A2B3C4D5E6F}"
EndProject

Project("{FAE04EC0-301F-11D3-BF4B-00C04F79EFBC}") = "AbpApp.EntityFrameworkCore", "src\AbpApp.EntityFrameworkCore\AbpApp.EntityFrameworkCore.csproj", "{1F2A3B4C-5D6E-7F8A-9B0C-1D2E3F4A5B6C}"
EndProject

Project("{FAE04EC0-301F-11D3-BF4B-00C04F79EFBC}") = "AbpApp.HttpApi", "src\AbpApp.HttpApi\AbpApp.HttpApi.csproj", "{7A8B9C0D-1E2F-3A4B-5C6D-7E8F9A0B1C2D}"
EndProject

Project("{FAE04EC0-301F-11D3-BF4B-00C04F79EFBC}") = "AbpApp.HttpApi.Client", "src\AbpApp.HttpApi.Client\AbpApp.HttpApi.Client.csproj", "{3E4F5A6B-7C8D-9E0F-1A2B-3C4D5E6F7A8B}"
EndProject

Project("{FAE04EC0-301F-11D3-BF4B-00C04F79EFBC}") = "AbpApp.HttpApi.Host", "src\AbpApp.HttpApi.Host\AbpApp.HttpApi.Host.csproj", "{9F0A1B2C-3D4E-5F6A-7B8C-9D0E1F2A3B4C}"
EndProject

Project("{FAE04EC0-301F-11D3-BF4B-00C04F79EFBC}") = "AbpApp.DbMigrator", "..\..\tools\AbpApp.DbMigrator\AbpApp.DbMigrator.csproj", "{5F6A7B8C-9D0E-1F2A-3B4C-5D6E7F8A9B0C}"
EndProject

Global
	GlobalSection(SolutionConfigurationPlatforms) = preSolution
		Debug|Any CPU = Debug|Any CPU
		Release|Any CPU = Release|Any CPU
	EndGlobalSection
	GlobalSection(ProjectConfigurationPlatforms) = postSolution
		{D0F8BA83-5E1A-4F9E-8B5E-AF79D76CF2F3}.Debug|Any CPU.ActiveCfg = Debug|Any CPU
		{D0F8BA83-5E1A-4F9E-8B5E-AF79D76CF2F3}.Debug|Any CPU.Build.0 = Debug|Any CPU
		{D0F8BA83-5E1A-4F9E-8B5E-AF79D76CF2F3}.Release|Any CPU.ActiveCfg = Release|Any CPU
		{D0F8BA83-5E1A-4F9E-8B5E-AF79D76CF2F3}.Release|Any CPU.Build.0 = Release|Any CPU
		{8E7C2C49-31F5-4DCC-8B6F-1F33A9E36D8E}.Debug|Any CPU.ActiveCfg = Debug|Any CPU
		{8E7C2C49-31F5-4DCC-8B6F-1F33A9E36D8E}.Debug|Any CPU.Build.0 = Debug|Any CPU
		{8E7C2C49-31F5-4DCC-8B6F-1F33A9E36D8E}.Release|Any CPU.ActiveCfg = Release|Any CPU
		{8E7C2C49-31F5-4DCC-8B6F-1F33A9E36D8E}.Release|Any CPU.Build.0 = Release|Any CPU
		{5C8B3A8E-7BC3-4A4A-92D8-3E6F8C1A5B2D}.Debug|Any CPU.ActiveCfg = Debug|Any CPU
		{5C8B3A8E-7BC3-4A4A-92D8-3E6F8C1A5B2D}.Debug|Any CPU.Build.0 = Debug|Any CPU
		{5C8B3A8E-7BC3-4A4A-92D8-3E6F8C1A5B2D}.Release|Any CPU.ActiveCfg = Release|Any CPU
		{5C8B3A8E-7BC3-4A4A-92D8-3E6F8C1A5B2D}.Release|Any CPU.Build.0 = Release|Any CPU
		{9B8C5F4E-12A3-4D5E-8F6C-1A2B3C4D5E6F}.Debug|Any CPU.ActiveCfg = Debug|Any CPU
		{9B8C5F4E-12A3-4D5E-8F6C-1A2B3C4D5E6F}.Debug|Any CPU.Build.0 = Debug|Any CPU
		{9B8C5F4E-12A3-4D5E-8F6C-1A2B3C4D5E6F}.Release|Any CPU.ActiveCfg = Release|Any CPU
		{9B8C5F4E-12A3-4D5E-8F6C-1A2B3C4D5E6F}.Release|Any CPU.Build.0 = Release|Any CPU
		{1F2A3B4C-5D6E-7F8A-9B0C-1D2E3F4A5B6C}.Debug|Any CPU.ActiveCfg = Debug|Any CPU
		{1F2A3B4C-5D6E-7F8A-9B0C-1D2E3F4A5B6C}.Debug|Any CPU.Build.0 = Debug|Any CPU
		{1F2A3B4C-5D6E-7F8A-9B0C-1D2E3F4A5B6C}.Release|Any CPU.ActiveCfg = Release|Any CPU
		{1F2A3B4C-5D6E-7F8A-9B0C-1D2E3F4A5B6C}.Release|Any CPU.Build.0 = Release|Any CPU
		{7A8B9C0D-1E2F-3A4B-5C6D-7E8F9A0B1C2D}.Debug|Any CPU.ActiveCfg = Debug|Any CPU
		{7A8B9C0D-1E2F-3A4B-5C6D-7E8F9A0B1C2D}.Debug|Any CPU.Build.0 = Debug|Any CPU
		{7A8B9C0D-1E2F-3A4B-5C6D-7E8F9A0B1C2D}.Release|Any CPU.ActiveCfg = Release|Any CPU
		{7A8B9C0D-1E2F-3A4B-5C6D-7E8F9A0B1C2D}.Release|Any CPU.Build.0 = Release|Any CPU
		{3E4F5A6B-7C8D-9E0F-1A2B-3C4D5E6F7A8B}.Debug|Any CPU.ActiveCfg = Debug|Any CPU
		{3E4F5A6B-7C8D-9E0F-1A2B-3C4D5E6F7A8B}.Debug|Any CPU.Build.0 = Debug|Any CPU
		{3E4F5A6B-7C8D-9E0F-1A2B-3C4D5E6F7A8B}.Release|Any CPU.ActiveCfg = Release|Any CPU
		{3E4F5A6B-7C8D-9E0F-1A2B-3C4D5E6F7A8B}.Release|Any CPU.Build.0 = Release|Any CPU
		{9F0A1B2C-3D4E-5F6A-7B8C-9D0E1F2A3B4C}.Debug|Any CPU.ActiveCfg = Debug|Any CPU
		{9F0A1B2C-3D4E-5F6A-7B8C-9D0E1F2A3B4C}.Debug|Any CPU.Build.0 = Debug|Any CPU
		{9F0A1B2C-3D4E-5F6A-7B8C-9D0E1F2A3B4C}.Release|Any CPU.ActiveCfg = Release|Any CPU
		{9F0A1B2C-3D4E-5F6A-7B8C-9D0E1F2A3B4C}.Release|Any CPU.Build.0 = Release|Any CPU
		{5F6A7B8C-9D0E-1F2A-3B4C-5D6E7F8A9B0C}.Debug|Any CPU.ActiveCfg = Debug|Any CPU
		{5F6A7B8C-9D0E-1F2A-3B4C-5D6E7F8A9B0C}.Debug|Any CPU.Build.0 = Debug|Any CPU
		{5F6A7B8C-9D0E-1F2A-3B4C-5D6E7F8A9B0C}.Release|Any CPU.ActiveCfg = Release|Any CPU
		{5F6A7B8C-9D0E-1F2A-3B4C-5D6E7F8A9B0C}.Release|Any CPU.Build.0 = Release|Any CPU
	EndGlobalSection
	GlobalSection(NestedProjects) = preSolution
		{D0F8BA83-5E1A-4F9E-8B5E-AF79D76CF2F3} = {CA9AC87F-097A-4F98-8906-2C2E12B4BBCF}
		{8E7C2C49-31F5-4DCC-8B6F-1F33A9E36D8E} = {CA9AC87F-097A-4F98-8906-2C2E12B4BBCF}
		{5C8B3A8E-7BC3-4A4A-92D8-3E6F8C1A5B2D} = {CA9AC87F-097A-4F98-8906-2C2E12B4BBCF}
		{9B8C5F4E-12A3-4D5E-8F6C-1A2B3C4D5E6F} = {CA9AC87F-097A-4F98-8906-2C2E12B4BBCF}
		{1F2A3B4C-5D6E-7F8A-9B0C-1D2E3F4A5B6C} = {CA9AC87F-097A-4F98-8906-2C2E12B4BBCF}
		{7A8B9C0D-1E2F-3A4B-5C6D-7E8F9A0B1C2D} = {CA9AC87F-097A-4F98-8906-2C2E12B4BBCF}
		{3E4F5A6B-7C8D-9E0F-1A2B-3C4D5E6F7A8B} = {CA9AC87F-097A-4F98-8906-2C2E12B4BBCF}
		{9F0A1B2C-3D4E-5F6A-7B8C-9D0E1F2A3B4C} = {CA9AC87F-097A-4F98-8906-2C2E12B4BBCF}
		{5F6A7B8C-9D0E-1F2A-3B4C-5D6E7F8A9B0C} = {7FD7A5D7-DA0A-4B84-AECD-8DAD04AC2E2D}
	EndGlobalSection
EndGlobal